{
  "nodes": {
    "flake-parts": {
      "inputs": {
        "nixpkgs-lib": [
          "nixpkgs"
        ]
      },
      "locked": {
        "lastModified": 1772408722,
        "narHash": "sha256-rHuJtdcOjK7rAHpHphUb1iCvgkU3GpfvicLMwwnfMT0=",
        "owner": "hercules-ci",
        "repo": "flake-parts",
        "rev": "f20dc5d9b8027381c474144ecabc9034d6a839a3",
        "type": "github"
      },
      "original": {
        "owner": "hercules-ci",
        "repo": "flake-parts",
        "type": "github"
      }
    },
    "ireeBenchmarkSrc": {
      "flake": false,
      "locked": {
        "lastModified": 1769001408,
        "narHash": "sha256-Mm4pG7zMB00iof32CxreoNBFnduPZTMp3reHMCIAFPQ=",
        "owner": "google",
        "repo": "benchmark",
        "rev": "192ef10025eb2c4cdd392bc502f0c852196baa48",
        "type": "github"
      },
      "original": {
        "owner": "google",
        "repo": "benchmark",
        "rev": "192ef10025eb2c4cdd392bc502f0c852196baa48",
        "type": "github"
      }
    },
    "ireeFlatccSrc": {
      "flake": false,
      "locked": {
        "lastModified": 1715669061,
        "narHash": "sha256-umZ9TvNYDZtF/mNwQUGuhAGve0kPw7uXkaaQX0EzkBY=",
        "owner": "dvidelabs",
        "repo": "flatcc",
        "rev": "9362cd00f0007d8cbee7bff86e90fb4b6b227ff3",
        "type": "github"
      },
      "original": {
        "owner": "dvidelabs",
        "repo": "flatcc",
        "rev": "9362cd00f0007d8cbee7bff86e90fb4b6b227ff3",
        "type": "github"
      }
    },
    "ireeLlvmSrc": {
      "flake": false,
      "locked": {
        "lastModified": 1772481736,
        "narHash": "sha256-bEGgQ5ODu0qNkhj4XLVPx7M+RnWpWOmWSp1yC2Hb95Q=",
        "owner": "iree-org",
        "repo": "llvm-project",
        "rev": "c95bd0bba5be9710292ce3a29832b67a0e33f887",
        "type": "github"
      },
      "original": {
        "owner": "iree-org",
        "repo": "llvm-project",
        "rev": "c95bd0bba5be9710292ce3a29832b67a0e33f887",
        "type": "github"
      }
    },
    "ireeSrc": {
      "flake": false,
      "locked": {
        "lastModified": 1772585283,
        "narHash": "sha256-1DxBnX2ZTZqnU6NUHxGBnBnl0b7Kl+6ygTKKDyMNQQw=",
        "owner": "iree-org",
        "repo": "iree",
        "rev": "776210bd36896f8ca14288637592a9d5cebfcea1",
        "type": "github"
      },
      "original": {
        "owner": "iree-org",
        "repo": "iree",
        "rev": "776210bd36896f8ca14288637592a9d5cebfcea1",
        "type": "github"
      }
    },
    "ireeStablehloSrc": {
      "flake": false,
      "locked": {
        "lastModified": 1765912843,
        "narHash": "sha256-6pc9A54vjDEafYXSAIT0gxss7LNfNTATZnOGzGiM0FI=",
        "owner": "iree-org",
        "repo": "stablehlo",
        "rev": "6fabd27b15885179a3b6a601ea1e4171f2ed2c91",
        "type": "github"
      },
      "original": {
        "owner": "iree-org",
        "repo": "stablehlo",
        "rev": "6fabd27b15885179a3b6a601ea1e4171f2ed2c91",
        "type": "github"
      }
    },
    "llvmSrc": {
      "flake": false,
      "locked": {
        "lastModified": 1765567400,
        "narHash": "sha256-kt+SJeJe0vbDQjAw20PgC9iURhcq3IrruNLYLYND9n0=",
        "owner": "llvm",
        "repo": "llvm-project",
        "rev": "8f264586d7521b0e305ca7bb78825aa3382ffef7",
        "type": "github"
      },
      "original": {
        "owner": "llvm",
        "repo": "llvm-project",
        "rev": "8f264586d7521b0e305ca7bb78825aa3382ffef7",
        "type": "github"
      }
    },
    "mirage-src": {
      "flake": false,
      "locked": {
        "lastModified": 1772767532,
        "narHash": "sha256-un6SmSPB3I3qa9tz6h6vDO4rXPrAM6UTfpDKpAAY+CA=",
        "path": "/home/marco/Github/mirage",
        "type": "path"
      },
      "original": {
        "path": "/home/marco/Github/mirage",
        "type": "path"
      }
    },
    "mpk": {
      "inputs": {
        "mirage-src": [
          "mirage-src"
        ],
        "nixpkgs": [
          "nixpkgs"
        ]
      },
      "locked": {
        "lastModified": 1772767523,
        "narHash": "sha256-gjhu5IbbUYxrZdTrS9BR/EqjvjmMS0Qf8bL6Wyy+0vM=",
        "path": "/home/marco/flakes/mpk",
        "type": "path"
      },
      "original": {
        "path": "/home/marco/flakes/mpk",
        "type": "path"
      }
    },
    "nixpkgs": {
      "locked": {
        "lastModified": 1772624091,
        "narHash": "sha256-QKyJ0QGWBn6r0invrMAK8dmJoBYWoOWy7lN+UHzW1jc=",
        "owner": "NixOS",
        "repo": "nixpkgs",
        "rev": "80bdc1e5ce51f56b19791b52b2901187931f5353",
        "type": "github"
      },
      "original": {
        "owner": "NixOS",
        "ref": "nixos-unstable",
        "repo": "nixpkgs",
        "type": "github"
      }
    },
    "pyproject-build-systems": {
      "inputs": {
        "nixpkgs": [
          "nixpkgs"
        ],
        "pyproject-nix": [
          "pyproject-nix"
        ],
        "uv2nix": [
          "uv2nix"
        ]
      },
      "locked": {
        "lastModified": 1772555609,
        "narHash": "sha256-3BA3HnUvJSbHJAlJj6XSy0Jmu7RyP2gyB/0fL7XuEDo=",
        "owner": "pyproject-nix",
        "repo": "build-system-pkgs",
        "rev": "c37f66a953535c394244888598947679af231863",
        "type": "github"
      },
      "original": {
        "owner": "pyproject-nix",
        "repo": "build-system-pkgs",
        "type": "github"
      }
    },
    "pyproject-nix": {
      "inputs": {
        "nixpkgs": [
          "nixpkgs"
        ]
      },
      "locked": {
        "lastModified": 1771518446,
        "narHash": "sha256-nFJSfD89vWTu92KyuJWDoTQJuoDuddkJV3TlOl1cOic=",
        "owner": "pyproject-nix",
        "repo": "pyproject.nix",
        "rev": "eb204c6b3335698dec6c7fc1da0ebc3c6df05937",
        "type": "github"
      },
      "original": {
        "owner": "pyproject-nix",
        "repo": "pyproject.nix",
        "type": "github"
      }
    },
    "root": {
      "inputs": {
        "flake-parts": "flake-parts",
        "ireeBenchmarkSrc": "ireeBenchmarkSrc",
        "ireeFlatccSrc": "ireeFlatccSrc",
        "ireeLlvmSrc": "ireeLlvmSrc",
        "ireeSrc": "ireeSrc",
        "ireeStablehloSrc": "ireeStablehloSrc",
        "llvmSrc": "llvmSrc",
        "mirage-src": "mirage-src",
        "mpk": "mpk",
        "nixpkgs": "nixpkgs",
        "pyproject-build-systems": "pyproject-build-systems",
        "pyproject-nix": "pyproject-nix",
        "stablehloSrc": "stablehloSrc",
        "uv2nix": "uv2nix",
        "xlaSrc": "xlaSrc"
      }
    },
    "stablehloSrc": {
      "flake": false,
      "locked": {
        "lastModified": 1764884727,
        "narHash": "sha256-QfX+k/BWBTtBT2gq5wcNyz098w7cmQnFgwlepeS5aBs=",
        "owner": "openxla",
        "repo": "stablehlo",
        "rev": "1ef9e390b5295e676d2b864fe1924bc2f3f4cf0f",
        "type": "github"
      },
      "original": {
        "owner": "openxla",
        "repo": "stablehlo",
        "rev": "1ef9e390b5295e676d2b864fe1924bc2f3f4cf0f",
        "type": "github"
      }
    },
    "uv2nix": {
      "inputs": {
        "nixpkgs": [
          "nixpkgs"
        ],
        "pyproject-nix": [
          "pyproject-nix"
        ]
      },
      "locked": {
        "lastModified": 1772545244,
        "narHash": "sha256-Ys+5UMOqp2kRvnSjyBcvGnjOhkIXB88On1ZcAstz1vY=",
        "owner": "pyproject-nix",
        "repo": "uv2nix",
        "rev": "482aba340ded40ef557d331315f227d5eba84ced",
        "type": "github"
      },
      "original": {
        "owner": "pyproject-nix",
        "repo": "uv2nix",
        "type": "github"
      }
    },
    "xlaSrc": {
      "flake": false,
      "locked": {
        "lastModified": 1766029309,
        "narHash": "sha256-pvZ3ARzv/fjPYVcq5wrH3tH1kgU88dFp7Q1w1lA8H2c=",
        "owner": "openxla",
        "repo": "xla",
        "rev": "913ae2eaa3cb88971003592a90959685a78c9e30",
        "type": "github"
      },
      "original": {
        "owner": "openxla",
        "repo": "xla",
        "rev": "913ae2eaa3cb88971003592a90959685a78c9e30",
        "type": "github"
      }
    }
  },
  "root": "root",
  "version": 7
}
